
Microsoft Visual Studio Solution File, Format Version 12.00
# Visual Studio Version 16
VisualStudioVersion = 16.0.30907.101
MinimumVisualStudioVersion = 10.0.40219.1
Project("{FAE04EC0-301F-11D3-BF4B-00C04F79EFBC}") = "desktop-pets", "desktop-pets.csproj", "{8837944C-0491-42E8-B8BF-31DB9E64A839}"
EndProject
Global
	GlobalSection(SolutionConfigurationPlatforms) = preSolution
		Debug|Any CPU = Debug|Any CPU
		Release|Any CPU = Release|Any CPU
	EndGlobalSection
	GlobalSection(ProjectConfigurationPlatforms) = postSolution
		{8837944C-0491-42E8-B8BF-31DB9E64A839}.Debug|Any CPU.ActiveCfg = Debug|Any CPU
		{8837944C-0491-42E8-B8BF-31DB9E64A839}.Debug|Any CPU.Build.0 = Debug|Any CPU
		{8837944C-0491-42E8-B8BF-31DB9E64A839}.Release|Any CPU.ActiveCfg = Release|Any CPU
		{8837944C-0491-42E8-B8BF-31DB9E64A839}.Release|Any CPU.Build.0 = Release|Any CPU
	EndGlobalSection
	GlobalSection(SolutionProperties) = preSolution
		HideSolutionNode = FALSE
	EndGlobalSection
	GlobalSection(ExtensibilityGlobals) = postSolution
		SolutionGuid = {10ABBF4B-10BC-4670-A615-7E8DBF10901C}
	EndGlobalSection
EndGlobal
